
Microsoft Visual Studio Solution File, Format Version 12.00
# Visual Studio 14
VisualStudioVersion = 14.0.25420.1
MinimumVisualStudioVersion = 10.0.40219.1
Project("{FAE04EC0-301F-11D3-BF4B-00C04F79EFBC}") = "BuildingCalculator", "BuildingCalculator\BuildingCalculator.csproj", "{62D00EC8-D353-43E5-934B-902F9A4B9401}"
EndProject
Project("{FAE04EC0-301F-11D3-BF4B-00C04F79EFBC}") = "BuildingCalculator.Test", "BuildingCalculator.Test\BuildingCalculator.Test.csproj", "{2AAFE793-EEB2-43E0-A273-DA00625AE98B}"
EndProject
Global
	GlobalSection(SolutionConfigurationPlatforms) = preSolution
		Debug|Any CPU = Debug|Any CPU
		Release|Any CPU = Release|Any CPU
	EndGlobalSection
	GlobalSection(ProjectConfigurationPlatforms) = postSolution
		{62D00EC8-D353-43E5-934B-902F9A4B9401}.Debug|Any CPU.ActiveCfg = Debug|Any CPU
		{62D00EC8-D353-43E5-934B-902F9A4B9401}.Debug|Any CPU.Build.0 = Debug|Any CPU
		{62D00EC8-D353-43E5-934B-902F9A4B9401}.Debug|Any CPU.Deploy.0 = Debug|Any CPU
		{62D00EC8-D353-43E5-934B-902F9A4B9401}.Release|Any CPU.ActiveCfg = Release|Any CPU
		{62D00EC8-D353-43E5-934B-902F9A4B9401}.Release|Any CPU.Build.0 = Release|Any CPU
		{2AAFE793-EEB2-43E0-A273-DA00625AE98B}.Debug|Any CPU.ActiveCfg = Debug|Any CPU
		{2AAFE793-EEB2-43E0-A273-DA00625AE98B}.Debug|Any CPU.Build.0 = Debug|Any CPU
		{2AAFE793-EEB2-43E0-A273-DA00625AE98B}.Release|Any CPU.ActiveCfg = Release|Any CPU
		{2AAFE793-EEB2-43E0-A273-DA00625AE98B}.Release|Any CPU.Build.0 = Release|Any CPU
	EndGlobalSection
	GlobalSection(SolutionProperties) = preSolution
		HideSolutionNode = FALSE
	EndGlobalSection
EndGlobal
